# This file is autogenerated, do not edit; changes may be undone by the next 'dep ensure'.


[[projects]]
  name = "github.com/alecthomas/chroma"
  packages = [".","formatters","formatters/html","lexers","quick","styles"]
  revision = "e0f32fbcb59bc99c521910291b7ba8ecdb17ca34"
  version = "v0.2.1"

[[projects]]
  branch = "master"
  name = "github.com/danwakefield/fnmatch"
  packages = ["."]
  revision = "cbb64ac3d964b81592e64f957ad53df015803288"

[[projects]]
  name = "github.com/dlclark/regexp2"
  packages = [".","syntax"]
  revision = "487489b64fb796de2e55f4e8a4ad1e145f80e957"
  version = "v1.1.6"

[solve-meta]
  analyzer-name = "dep"
  analyzer-version = 1
  inputs-digest = "bc26c1cb7dde8cf639ca012039b4c2fbadbdf64b8ddec9c720642542387afed2"
  solver-name = "gps-cdcl"
  solver-version = 1
